
Microsoft Visual Studio Solution File, Format Version 11.00
# Visual C++ Express 2010
Project("{8BC9CEB8-8B4A-11D0-8D11-00A0C91BC942}") = "비밀번호강화기", "비밀번호강화기\비밀번호강화기.vcxproj", "{4E46C277-4361-42DB-B970-CE94FF287432}"
EndProject
Global
	GlobalSection(SolutionConfigurationPlatforms) = preSolution
		Debug|Win32 = Debug|Win32
		Release|Win32 = Release|Win32
	EndGlobalSection
	GlobalSection(ProjectConfigurationPlatforms) = postSolution
		{4E46C277-4361-42DB-B970-CE94FF287432}.Debug|Win32.ActiveCfg = Debug|Win32
		{4E46C277-4361-42DB-B970-CE94FF287432}.Debug|Win32.Build.0 = Debug|Win32
		{4E46C277-4361-42DB-B970-CE94FF287432}.Release|Win32.ActiveCfg = Release|Win32
		{4E46C277-4361-42DB-B970-CE94FF287432}.Release|Win32.Build.0 = Release|Win32
	EndGlobalSection
	GlobalSection(SolutionProperties) = preSolution
		HideSolutionNode = FALSE
	EndGlobalSection
EndGlobal
